
Microsoft Visual Studio Solution File, Format Version 12.00
# Visual Studio Version 16
VisualStudioVersion = 16.0.30413.136
MinimumVisualStudioVersion = 10.0.40219.1
Project("{FAE04EC0-301F-11D3-BF4B-00C04F79EFBC}") = "WebAPI", "WebAPI\WebAPI.csproj", "{020BB8AA-22AE-411B-9D96-B38644924ADA}"
EndProject
Global
	GlobalSection(SolutionConfigurationPlatforms) = preSolution
		Debug|Any CPU = Debug|Any CPU
		Release|Any CPU = Release|Any CPU
	EndGlobalSection
	GlobalSection(ProjectConfigurationPlatforms) = postSolution
		{020BB8AA-22AE-411B-9D96-B38644924ADA}.Debug|Any CPU.ActiveCfg = Debug|Any CPU
		{020BB8AA-22AE-411B-9D96-B38644924ADA}.Debug|Any CPU.Build.0 = Debug|Any CPU
		{020BB8AA-22AE-411B-9D96-B38644924ADA}.Release|Any CPU.ActiveCfg = Release|Any CPU
		{020BB8AA-22AE-411B-9D96-B38644924ADA}.Release|Any CPU.Build.0 = Release|Any CPU
	EndGlobalSection
	GlobalSection(SolutionProperties) = preSolution
		HideSolutionNode = FALSE
	EndGlobalSection
	GlobalSection(ExtensibilityGlobals) = postSolution
		SolutionGuid = {AB073E92-C4D6-4863-81F8-D4B9DD0FC312}
	EndGlobalSection
EndGlobal
